{
  "name": "snarkjs-prove",
  "version": "1.0.0",
  "lockfileVersion": 2,
  "requires": true,
  "packages": {
    "": {
      "name": "snarkjs-prove",
      "version": "1.0.0",
      "license": "ISC",
      "dependencies": {
        "@iden3/binfileutils": "^0.0.11",
        "blake2b-wasm": "^2.4.0",
        "ffjavascript": "^0.2.55",
        "logplease": "^1.2.15"
      }
    },
    "node_modules/@iden3/binfileutils": {
      "version": "0.0.11",
      "resolved": "https://registry.npmmirror.com/@iden3/binfileutils/-/binfileutils-0.0.11.tgz",
      "integrity": "sha512-LylnJoZ0CTdgErnKY8OxohvW4K+p6UHD3sxt+3P9AmMyBQjYR4IpoqoYZZ+9aMj89cmCQ21UvdhndAx04er3NA==",
      "dependencies": {
        "fastfile": "0.0.20",
        "ffjavascript": "^0.2.48"
      }
    },
    "node_modules/b4a": {
      "version": "1.6.0",
      "resolved": "https://registry.npmmirror.com/b4a/-/b4a-1.6.0.tgz",
      "integrity": "sha512-fsTxXxj1081Yq5MOQ06gZ5+e2QcSyP2U6NofdOWyq+lrNI4IjkZ+fLVmoQ6uUCiNg1NWePMMVq93vOTdbJmErw=="
    },
    "node_modules/big-integer": {
      "version": "1.6.51",
      "resolved": "https://registry.npmmirror.com/big-integer/-/big-integer-1.6.51.tgz",
      "integrity": "sha512-GPEid2Y9QU1Exl1rpO9B2IPJGHPSupF5GnVIP0blYvNOMer2bTvSWs1jGOUg04hTmu67nmLsQ9TBo1puaotBHg==",
      "engines": {
        "node": ">=0.6"
      }
    },
    "node_modules/blake2b-wasm": {
      "version": "2.4.0",
      "resolved": "https://registry.npmmirror.com/blake2b-wasm/-/blake2b-wasm-2.4.0.tgz",
      "integrity": "sha512-S1kwmW2ZhZFFFOghcx73+ZajEfKBqhP82JMssxtLVMxlaPea1p9uoLiUZ5WYyHn0KddwbLc+0vh4wR0KBNoT5w==",
      "dependencies": {
        "b4a": "^1.0.1",
        "nanoassert": "^2.0.0"
      }
    },
    "node_modules/blakejs": {
      "version": "1.2.1",
      "resolved": "https://registry.npmmirror.com/blakejs/-/blakejs-1.2.1.tgz",
      "integrity": "sha512-QXUSXI3QVc/gJME0dBpXrag1kbzOqCjCX8/b54ntNyW6sjtoqxqRk3LTmXzaJoh71zMsDCjM+47jS7XiwN/+fQ=="
    },
    "node_modules/fastfile": {
      "version": "0.0.20",
      "resolved": "https://registry.npmmirror.com/fastfile/-/fastfile-0.0.20.tgz",
      "integrity": "sha512-r5ZDbgImvVWCP0lA/cGNgQcZqR+aYdFx3u+CtJqUE510pBUVGMn4ulL/iRTI4tACTYsNJ736uzFxEBXesPAktA=="
    },
    "node_modules/ffjavascript": {
      "version": "0.2.55",
      "resolved": "https://registry.npmmirror.com/ffjavascript/-/ffjavascript-0.2.55.tgz",
      "integrity": "sha512-8X0FCIPOWiK6DTWh3pnE3O6D6nIQsirStAXpWMzRDnoDX7SEnDX4I28aVhwjL7L35XS1vy2AU7zc0UCGYxdLjw==",
      "dependencies": {
        "big-integer": "^1.6.48",
        "wasmbuilder": "^0.0.12",
        "wasmcurves": "0.1.0",
        "web-worker": "^1.2.0"
      }
    },
    "node_modules/logplease": {
      "version": "1.2.15",
      "resolved": "https://registry.npmmirror.com/logplease/-/logplease-1.2.15.tgz",
      "integrity": "sha512-jLlHnlsPSJjpwUfcNyUxXCl33AYg2cHhIf9QhGL2T4iPT0XPB+xP1LRKFPgIg1M/sg9kAJvy94w9CzBNrfnstA=="
    },
    "node_modules/nanoassert": {
      "version": "2.0.0",
      "resolved": "https://registry.npmmirror.com/nanoassert/-/nanoassert-2.0.0.tgz",
      "integrity": "sha512-7vO7n28+aYO4J+8w96AzhmU8G+Y/xpPDJz/se19ICsqj/momRbb9mh9ZUtkoJ5X3nTnPdhEJyc0qnM6yAsHBaA=="
    },
    "node_modules/wasmbuilder": {
      "version": "0.0.12",
      "resolved": "https://registry.npmmirror.com/wasmbuilder/-/wasmbuilder-0.0.12.tgz",
      "integrity": "sha512-dTMpBgrnLOXrN58i2zakn2ScynsBhq9LfyQIsPz4CyxRF9k1GAORniuqn3xmE9NnI1l7g3iiVCkoB2Cl0/oG8w==",
      "dependencies": {
        "big-integer": "^1.6.48"
      }
    },
    "node_modules/wasmcurves": {
      "version": "0.1.0",
      "resolved": "https://registry.npmmirror.com/wasmcurves/-/wasmcurves-0.1.0.tgz",
      "integrity": "sha512-kIlcgbVUAv2uQ6lGsepGz/m5V40+Z6rvTBkqCYn3Y2+OcXst+UaP4filJYLh/xDxjJl62FFjZZeAnpeli1Y5/Q==",
      "dependencies": {
        "big-integer": "^1.6.42",
        "blakejs": "^1.1.0"
      }
    },
    "node_modules/web-worker": {
      "version": "1.2.0",
      "resolved": "https://registry.npmmirror.com/web-worker/-/web-worker-1.2.0.tgz",
      "integrity": "sha512-PgF341avzqyx60neE9DD+XS26MMNMoUQRz9NOZwW32nPQrF6p77f1htcnjBSEV8BGMKZ16choqUG4hyI0Hx7mA=="
    }
  },
  "dependencies": {
    "@iden3/binfileutils": {
      "version": "0.0.11",
      "resolved": "https://registry.npmmirror.com/@iden3/binfileutils/-/binfileutils-0.0.11.tgz",
      "integrity": "sha512-LylnJoZ0CTdgErnKY8OxohvW4K+p6UHD3sxt+3P9AmMyBQjYR4IpoqoYZZ+9aMj89cmCQ21UvdhndAx04er3NA==",
      "requires": {
        "fastfile": "0.0.20",
        "ffjavascript": "^0.2.48"
      }
    },
    "b4a": {
      "version": "1.6.0",
      "resolved": "https://registry.npmmirror.com/b4a/-/b4a-1.6.0.tgz",
      "integrity": "sha512-fsTxXxj1081Yq5MOQ06gZ5+e2QcSyP2U6NofdOWyq+lrNI4IjkZ+fLVmoQ6uUCiNg1NWePMMVq93vOTdbJmErw=="
    },
    "big-integer": {
      "version": "1.6.51",
      "resolved": "https://registry.npmmirror.com/big-integer/-/big-integer-1.6.51.tgz",
      "integrity": "sha512-GPEid2Y9QU1Exl1rpO9B2IPJGHPSupF5GnVIP0blYvNOMer2bTvSWs1jGOUg04hTmu67nmLsQ9TBo1puaotBHg=="
    },
    "blake2b-wasm": {
      "version": "2.4.0",
      "resolved": "https://registry.npmmirror.com/blake2b-wasm/-/blake2b-wasm-2.4.0.tgz",
      "integrity": "sha512-S1kwmW2ZhZFFFOghcx73+ZajEfKBqhP82JMssxtLVMxlaPea1p9uoLiUZ5WYyHn0KddwbLc+0vh4wR0KBNoT5w==",
      "requires": {
        "b4a": "^1.0.1",
        "nanoassert": "^2.0.0"
      }
    },
    "blakejs": {
      "version": "1.2.1",
      "resolved": "https://registry.npmmirror.com/blakejs/-/blakejs-1.2.1.tgz",
      "integrity": "sha512-QXUSXI3QVc/gJME0dBpXrag1kbzOqCjCX8/b54ntNyW6sjtoqxqRk3LTmXzaJoh71zMsDCjM+47jS7XiwN/+fQ=="
    },
    "fastfile": {
      "version": "0.0.20",
      "resolved": "https://registry.npmmirror.com/fastfile/-/fastfile-0.0.20.tgz",
      "integrity": "sha512-r5ZDbgImvVWCP0lA/cGNgQcZqR+aYdFx3u+CtJqUE510pBUVGMn4ulL/iRTI4tACTYsNJ736uzFxEBXesPAktA=="
    },
    "ffjavascript": {
      "version": "0.2.55",
      "resolved": "https://registry.npmmirror.com/ffjavascript/-/ffjavascript-0.2.55.tgz",
      "integrity": "sha512-8X0FCIPOWiK6DTWh3pnE3O6D6nIQsirStAXpWMzRDnoDX7SEnDX4I28aVhwjL7L35XS1vy2AU7zc0UCGYxdLjw==",
      "requires": {
        "big-integer": "^1.6.48",
        "wasmbuilder": "^0.0.12",
        "wasmcurves": "0.1.0",
        "web-worker": "^1.2.0"
      }
    },
    "logplease": {
      "version": "1.2.15",
      "resolved": "https://registry.npmmirror.com/logplease/-/logplease-1.2.15.tgz",
      "integrity": "sha512-jLlHnlsPSJjpwUfcNyUxXCl33AYg2cHhIf9QhGL2T4iPT0XPB+xP1LRKFPgIg1M/sg9kAJvy94w9CzBNrfnstA=="
    },
    "nanoassert": {
      "version": "2.0.0",
      "resolved": "https://registry.npmmirror.com/nanoassert/-/nanoassert-2.0.0.tgz",
      "integrity": "sha512-7vO7n28+aYO4J+8w96AzhmU8G+Y/xpPDJz/se19ICsqj/momRbb9mh9ZUtkoJ5X3nTnPdhEJyc0qnM6yAsHBaA=="
    },
    "wasmbuilder": {
      "version": "0.0.12",
      "resolved": "https://registry.npmmirror.com/wasmbuilder/-/wasmbuilder-0.0.12.tgz",
      "integrity": "sha512-dTMpBgrnLOXrN58i2zakn2ScynsBhq9LfyQIsPz4CyxRF9k1GAORniuqn3xmE9NnI1l7g3iiVCkoB2Cl0/oG8w==",
      "requires": {
        "big-integer": "^1.6.48"
      }
    },
    "wasmcurves": {
      "version": "0.1.0",
      "resolved": "https://registry.npmmirror.com/wasmcurves/-/wasmcurves-0.1.0.tgz",
      "integrity": "sha512-kIlcgbVUAv2uQ6lGsepGz/m5V40+Z6rvTBkqCYn3Y2+OcXst+UaP4filJYLh/xDxjJl62FFjZZeAnpeli1Y5/Q==",
      "requires": {
        "big-integer": "^1.6.42",
        "blakejs": "^1.1.0"
      }
    },
    "web-worker": {
      "version": "1.2.0",
      "resolved": "https://registry.npmmirror.com/web-worker/-/web-worker-1.2.0.tgz",
      "integrity": "sha512-PgF341avzqyx60neE9DD+XS26MMNMoUQRz9NOZwW32nPQrF6p77f1htcnjBSEV8BGMKZ16choqUG4hyI0Hx7mA=="
    }
  }
}
